
Microsoft Visual Studio Solution File, Format Version 12.00
# Visual Studio Version 17
VisualStudioVersion = 17.14.36414.22 d17.14
MinimumVisualStudioVersion = 10.0.40219.1
Project("{FAE04EC0-301F-11D3-BF4B-00C04F79EFBC}") = "NZWalks.API", "NZWalks.API\NZWalks.API.csproj", "{61BCC28D-C4F0-41C5-982F-FA32FD52CAA9}"
EndProject
Global
	GlobalSection(SolutionConfigurationPlatforms) = preSolution
		Debug|Any CPU = Debug|Any CPU
		Release|Any CPU = Release|Any CPU
	EndGlobalSection
	GlobalSection(ProjectConfigurationPlatforms) = postSolution
		{61BCC28D-C4F0-41C5-982F-FA32FD52CAA9}.Debug|Any CPU.ActiveCfg = Debug|Any CPU
		{61BCC28D-C4F0-41C5-982F-FA32FD52CAA9}.Debug|Any CPU.Build.0 = Debug|Any CPU
		{61BCC28D-C4F0-41C5-982F-FA32FD52CAA9}.Release|Any CPU.ActiveCfg = Release|Any CPU
		{61BCC28D-C4F0-41C5-982F-FA32FD52CAA9}.Release|Any CPU.Build.0 = Release|Any CPU
	EndGlobalSection
	GlobalSection(SolutionProperties) = preSolution
		HideSolutionNode = FALSE
	EndGlobalSection
	GlobalSection(ExtensibilityGlobals) = postSolution
		SolutionGuid = {562EB0C0-959A-4D64-8FF0-B0C55E87B8F2}
	EndGlobalSection
EndGlobal
